
Microsoft Visual Studio Solution File, Format Version 12.00
# Visual Studio Version 16
VisualStudioVersion = 16.0.29306.81
MinimumVisualStudioVersion = 10.0.40219.1
Project("{8BC9CEB8-8B4A-11D0-8D11-00A0C91BC942}") = "PS3EyeDriverMSVC", "PS3EyeDriverMSVC.vcxproj", "{4085836D-3860-48AE-82D5-B4584FC3D451}"
EndProject
Project("{8BC9CEB8-8B4A-11D0-8D11-00A0C91BC942}") = "SDLExample", "..\SDLExample\SDLExample.vcxproj", "{F69403A0-3ABC-4A94-9167-D4477E544BEA}"
EndProject
Global
	GlobalSection(SolutionConfigurationPlatforms) = preSolution
		Debug|x64 = Debug|x64
		Debug|x86 = Debug|x86
		Release|x64 = Release|x64
		Release|x86 = Release|x86
	EndGlobalSection
	GlobalSection(ProjectConfigurationPlatforms) = postSolution
		{4085836D-3860-48AE-82D5-B4584FC3D451}.Debug|x64.ActiveCfg = Debug|x64
		{4085836D-3860-48AE-82D5-B4584FC3D451}.Debug|x64.Build.0 = Debug|x64
		{4085836D-3860-48AE-82D5-B4584FC3D451}.Debug|x86.ActiveCfg = Debug|Win32
		{4085836D-3860-48AE-82D5-B4584FC3D451}.Debug|x86.Build.0 = Debug|Win32
		{4085836D-3860-48AE-82D5-B4584FC3D451}.Release|x64.ActiveCfg = Release|x64
		{4085836D-3860-48AE-82D5-B4584FC3D451}.Release|x64.Build.0 = Release|x64
		{4085836D-3860-48AE-82D5-B4584FC3D451}.Release|x86.ActiveCfg = Release|Win32
		{4085836D-3860-48AE-82D5-B4584FC3D451}.Release|x86.Build.0 = Release|Win32
		{F69403A0-3ABC-4A94-9167-D4477E544BEA}.Debug|x64.ActiveCfg = Debug|x64
		{F69403A0-3ABC-4A94-9167-D4477E544BEA}.Debug|x64.Build.0 = Debug|x64
		{F69403A0-3ABC-4A94-9167-D4477E544BEA}.Debug|x86.ActiveCfg = Debug|Win32
		{F69403A0-3ABC-4A94-9167-D4477E544BEA}.Debug|x86.Build.0 = Debug|Win32
		{F69403A0-3ABC-4A94-9167-D4477E544BEA}.Release|x64.ActiveCfg = Release|x64
		{F69403A0-3ABC-4A94-9167-D4477E544BEA}.Release|x64.Build.0 = Release|x64
		{F69403A0-3ABC-4A94-9167-D4477E544BEA}.Release|x86.ActiveCfg = Release|Win32
		{F69403A0-3ABC-4A94-9167-D4477E544BEA}.Release|x86.Build.0 = Release|Win32
	EndGlobalSection
	GlobalSection(SolutionProperties) = preSolution
		HideSolutionNode = FALSE
	EndGlobalSection
	GlobalSection(ExtensibilityGlobals) = postSolution
		SolutionGuid = {E8E41434-602D-4B58-AEF9-2E9313609F64}
	EndGlobalSection
EndGlobal
