<?xml version="1.0" encoding="utf-8"?>
<Project ToolsVersion="4.0" xmlns="http://schemas.microsoft.com/developer/msbuild/2003">
  <ItemGroup>
    <ClCompile Include="CalibrationInterop.cpp">
      <Filter>Source Files</Filter>
    </ClCompile>
    <ClCompile Include="ImgProcUtility.cpp">
      <Filter>Source Files</Filter>
    </ClCompile>
    <ClCompile Include="RealTimeInterop.cpp">
      <Filter>Source Files</Filter>
    </ClCompile>
    <ClCompile Include="PS3EyeCapture.cpp">
      <Filter>Source Files</Filter>
    </ClCompile>
    <ClCompile Include="StereoCapture.cpp">
      <Filter>Source Files</Filter>
    </ClCompile>
    <ClCompile Include="CameraCalibrationUtility.cpp">
      <Filter>Source Files</Filter>
    </ClCompile>
  </ItemGroup>
  <ItemGroup>
    <ClInclude Include="ImgProcUtility.h">
      <Filter>Header Files</Filter>
    </ClInclude>
    <ClInclude Include="StereoCapture.h">
      <Filter>Header Files</Filter>
    </ClInclude>
    <ClInclude Include="PS3EyeCapture.h">
      <Filter>Header Files</Filter>
    </ClInclude>
    <ClInclude Include="CameraCalibrationUtility.h">
      <Filter>Header Files</Filter>
    </ClInclude>
  </ItemGroup>
  <ItemGroup>
    <Filter Include="Header Files">
      <UniqueIdentifier>{6e9688fe-8ca9-490b-a273-9dde2a2d16d4}</UniqueIdentifier>
    </Filter>
    <Filter Include="Source Files">
      <UniqueIdentifier>{47a6b8a5-a548-409d-a00f-b0e6db090e9e}</UniqueIdentifier>
    </Filter>
  </ItemGroup>
</Project>